// !$*UTF8*$!
{
	archiveVersion = 1;
	classes = {
	};
	objectVersion = 50;
	objects = {

/* Begin PBXBuildFile section */
		7DBDDE6359C1CAB76CF1E334 /* CGPoint+normalize.swift in Sources */ = {isa = PBXBuildFile; fileRef = 7DBDD117076021555183B512 /* CGPoint+normalize.swift */; };
		FF656E18223D0166004D02F5 /* AppDelegate.swift in Sources */ = {isa = PBXBuildFile; fileRef = FF656E17223D0166004D02F5 /* AppDelegate.swift */; };
		FF656E1A223D0166004D02F5 /* GameScene.sks in Resources */ = {isa = PBXBuildFile; fileRef = FF656E19223D0166004D02F5 /* GameScene.sks */; };
		FF656E1C223D0166004D02F5 /* Actions.sks in Resources */ = {isa = PBXBuildFile; fileRef = FF656E1B223D0166004D02F5 /* Actions.sks */; };
		FF656E1E223D0166004D02F5 /* GameScene.swift in Sources */ = {isa = PBXBuildFile; fileRef = FF656E1D223D0166004D02F5 /* GameScene.swift */; };
		FF656E25223D0169004D02F5 /* Assets.xcassets in Resources */ = {isa = PBXBuildFile; fileRef = FF656E24223D0169004D02F5 /* Assets.xcassets */; };
		FF656E28223D0169004D02F5 /* LaunchScreen.storyboard in Resources */ = {isa = PBXBuildFile; fileRef = FF656E26223D0169004D02F5 /* LaunchScreen.storyboard */; };
		FF656E33223D0169004D02F5 /* SpacePongTests.swift in Sources */ = {isa = PBXBuildFile; fileRef = FF656E32223D0169004D02F5 /* SpacePongTests.swift */; };
		FF656E3F223D02E6004D02F5 /* SpacePongViewController.swift in Sources */ = {isa = PBXBuildFile; fileRef = FF656E3D223D02E6004D02F5 /* SpacePongViewController.swift */; };
		FF656E40223D02E6004D02F5 /* SpacePongViewController.xib in Resources */ = {isa = PBXBuildFile; fileRef = FF656E3E223D02E6004D02F5 /* SpacePongViewController.xib */; };
/* End PBXBuildFile section */

/* Begin PBXContainerItemProxy section */
		FF656E2F223D0169004D02F5 /* PBXContainerItemProxy */ = {
			isa = PBXContainerItemProxy;
			containerPortal = FF656E0C223D0166004D02F5 /* Project object */;
			proxyType = 1;
			remoteGlobalIDString = FF656E13223D0166004D02F5;
			remoteInfo = SpacePong;
		};
/* End PBXContainerItemProxy section */

/* Begin PBXFileReference section */
		7DBDD117076021555183B512 /* CGPoint+normalize.swift */ = {isa = PBXFileReference; fileEncoding = 4; lastKnownFileType = sourcecode.swift; path = "CGPoint+normalize.swift"; sourceTree = "<group>"; };
		FF656E14223D0166004D02F5 /* SpacePong.app */ = {isa = PBXFileReference; explicitFileType = wrapper.application; includeInIndex = 0; path = SpacePong.app; sourceTree = BUILT_PRODUCTS_DIR; };
		FF656E17223D0166004D02F5 /* AppDelegate.swift */ = {isa = PBXFileReference; lastKnownFileType = sourcecode.swift; path = AppDelegate.swift; sourceTree = "<group>"; };
		FF656E19223D0166004D02F5 /* GameScene.sks */ = {isa = PBXFileReference; lastKnownFileType = file.sks; path = GameScene.sks; sourceTree = "<group>"; };
		FF656E1B223D0166004D02F5 /* Actions.sks */ = {isa = PBXFileReference; lastKnownFileType = file.sks; path = Actions.sks; sourceTree = "<group>"; };
		FF656E1D223D0166004D02F5 /* GameScene.swift */ = {isa = PBXFileReference; lastKnownFileType = sourcecode.swift; path = GameScene.swift; sourceTree = "<group>"; };
		FF656E24223D0169004D02F5 /* Assets.xcassets */ = {isa = PBXFileReference; lastKnownFileType = folder.assetcatalog; path = Assets.xcassets; sourceTree = "<group>"; };
		FF656E27223D0169004D02F5 /* Base */ = {isa = PBXFileReference; lastKnownFileType = file.storyboard; name = Base; path = Base.lproj/LaunchScreen.storyboard; sourceTree = "<group>"; };
		FF656E29223D0169004D02F5 /* Info.plist */ = {isa = PBXFileReference; lastKnownFileType = text.plist.xml; path = Info.plist; sourceTree = "<group>"; };
		FF656E2E223D0169004D02F5 /* SpacePongTests.xctest */ = {isa = PBXFileReference; explicitFileType = wrapper.cfbundle; includeInIndex = 0; path = SpacePongTests.xctest; sourceTree = BUILT_PRODUCTS_DIR; };
		FF656E32223D0169004D02F5 /* SpacePongTests.swift */ = {isa = PBXFileReference; lastKnownFileType = sourcecode.swift; path = SpacePongTests.swift; sourceTree = "<group>"; };
		FF656E34223D0169004D02F5 /* Info.plist */ = {isa = PBXFileReference; lastKnownFileType = text.plist.xml; path = Info.plist; sourceTree = "<group>"; };
		FF656E3D223D02E6004D02F5 /* SpacePongViewController.swift */ = {isa = PBXFileReference; lastKnownFileType = sourcecode.swift; path = SpacePongViewController.swift; sourceTree = "<group>"; };
		FF656E3E223D02E6004D02F5 /* SpacePongViewController.xib */ = {isa = PBXFileReference; lastKnownFileType = file.xib; path = SpacePongViewController.xib; sourceTree = "<group>"; };
/* End PBXFileReference section */

/* Begin PBXFrameworksBuildPhase section */
		FF656E11223D0166004D02F5 /* Frameworks */ = {
			isa = PBXFrameworksBuildPhase;
			buildActionMask = 2147483647;
			files = (
			);
			runOnlyForDeploymentPostprocessing = 0;
		};
		FF656E2B223D0169004D02F5 /* Frameworks */ = {
			isa = PBXFrameworksBuildPhase;
			buildActionMask = 2147483647;
			files = (
			);
			runOnlyForDeploymentPostprocessing = 0;
		};
/* End PBXFrameworksBuildPhase section */

/* Begin PBXGroup section */
		FF656E0B223D0166004D02F5 = {
			isa = PBXGroup;
			children = (
				FF656E16223D0166004D02F5 /* SpacePong */,
				FF656E31223D0169004D02F5 /* SpacePongTests */,
				FF656E15223D0166004D02F5 /* Products */,
			);
			sourceTree = "<group>";
		};
		FF656E15223D0166004D02F5 /* Products */ = {
			isa = PBXGroup;
			children = (
				FF656E14223D0166004D02F5 /* SpacePong.app */,
				FF656E2E223D0169004D02F5 /* SpacePongTests.xctest */,
			);
			name = Products;
			sourceTree = "<group>";
		};
		FF656E16223D0166004D02F5 /* SpacePong */ = {
			isa = PBXGroup;
			children = (
				FF656E17223D0166004D02F5 /* AppDelegate.swift */,
				FF656E19223D0166004D02F5 /* GameScene.sks */,
				FF656E1B223D0166004D02F5 /* Actions.sks */,
				FF656E1D223D0166004D02F5 /* GameScene.swift */,
				FF656E24223D0169004D02F5 /* Assets.xcassets */,
				FF656E26223D0169004D02F5 /* LaunchScreen.storyboard */,
				FF656E29223D0169004D02F5 /* Info.plist */,
				FF656E3D223D02E6004D02F5 /* SpacePongViewController.swift */,
				FF656E3E223D02E6004D02F5 /* SpacePongViewController.xib */,
				7DBDD117076021555183B512 /* CGPoint+normalize.swift */,
			);
			path = SpacePong;
			sourceTree = "<group>";
		};
		FF656E31223D0169004D02F5 /* SpacePongTests */ = {
			isa = PBXGroup;
			children = (
				FF656E32223D0169004D02F5 /* SpacePongTests.swift */,
				FF656E34223D0169004D02F5 /* Info.plist */,
			);
			path = SpacePongTests;
			sourceTree = "<group>";
		};
/* End PBXGroup section */

/* Begin PBXNativeTarget section */
		FF656E13223D0166004D02F5 /* SpacePong */ = {
			isa = PBXNativeTarget;
			buildConfigurationList = FF656E37223D0169004D02F5 /* Build configuration list for PBXNativeTarget "SpacePong" */;
			buildPhases = (
				FF656E10223D0166004D02F5 /* Sources */,
				FF656E11223D0166004D02F5 /* Frameworks */,
				FF656E12223D0166004D02F5 /* Resources */,
			);
			buildRules = (
			);
			dependencies = (
			);
			name = SpacePong;
			productName = SpacePong;
			productReference = FF656E14223D0166004D02F5 /* SpacePong.app */;
			productType = "com.apple.product-type.application";
		};
		FF656E2D223D0169004D02F5 /* SpacePongTests */ = {
			isa = PBXNativeTarget;
			buildConfigurationList = FF656E3A223D0169004D02F5 /* Build configuration list for PBXNativeTarget "SpacePongTests" */;
			buildPhases = (
				FF656E2A223D0169004D02F5 /* Sources */,
				FF656E2B223D0169004D02F5 /* Frameworks */,
				FF656E2C223D0169004D02F5 /* Resources */,
			);
			buildRules = (
			);
			dependencies = (
				FF656E30223D0169004D02F5 /* PBXTargetDependency */,
			);
			name = SpacePongTests;
			productName = SpacePongTests;
			productReference = FF656E2E223D0169004D02F5 /* SpacePongTests.xctest */;
			productType = "com.apple.product-type.bundle.unit-test";
		};
/* End PBXNativeTarget section */

/* Begin PBXProject section */
		FF656E0C223D0166004D02F5 /* Project object */ = {
			isa = PBXProject;
			attributes = {
				LastSwiftUpdateCheck = 1010;
				LastUpgradeCheck = 1010;
				ORGANIZATIONNAME = daferpi;
				TargetAttributes = {
					FF656E13223D0166004D02F5 = {
						CreatedOnToolsVersion = 10.1;
					};
					FF656E2D223D0169004D02F5 = {
						CreatedOnToolsVersion = 10.1;
						TestTargetID = FF656E13223D0166004D02F5;
					};
				};
			};
			buildConfigurationList = FF656E0F223D0166004D02F5 /* Build configuration list for PBXProject "SpacePong" */;
			compatibilityVersion = "Xcode 9.3";
			developmentRegion = en;
			hasScannedForEncodings = 0;
			knownRegions = (
				en,
				Base,
			);
			mainGroup = FF656E0B223D0166004D02F5;
			productRefGroup = FF656E15223D0166004D02F5 /* Products */;
			projectDirPath = "";
			projectRoot = "";
			targets = (
				FF656E13223D0166004D02F5 /* SpacePong */,
				FF656E2D223D0169004D02F5 /* SpacePongTests */,
			);
		};
/* End PBXProject section */

/* Begin PBXResourcesBuildPhase section */
		FF656E12223D0166004D02F5 /* Resources */ = {
			isa = PBXResourcesBuildPhase;
			buildActionMask = 2147483647;
			files = (
				FF656E40223D02E6004D02F5 /* SpacePongViewController.xib in Resources */,
				FF656E1A223D0166004D02F5 /* GameScene.sks in Resources */,
				FF656E25223D0169004D02F5 /* Assets.xcassets in Resources */,
				FF656E28223D0169004D02F5 /* LaunchScreen.storyboard in Resources */,
				FF656E1C223D0166004D02F5 /* Actions.sks in Resources */,
			);
			runOnlyForDeploymentPostprocessing = 0;
		};
		FF656E2C223D0169004D02F5 /* Resources */ = {
			isa = PBXResourcesBuildPhase;
			buildActionMask = 2147483647;
			files = (
			);
			runOnlyForDeploymentPostprocessing = 0;
		};
/* End PBXResourcesBuildPhase section */

/* Begin PBXSourcesBuildPhase section */
		FF656E10223D0166004D02F5 /* Sources */ = {
			isa = PBXSourcesBuildPhase;
			buildActionMask = 2147483647;
			files = (
				FF656E1E223D0166004D02F5 /* GameScene.swift in Sources */,
				FF656E18223D0166004D02F5 /* AppDelegate.swift in Sources */,
				FF656E3F223D02E6004D02F5 /* SpacePongViewController.swift in Sources */,
				7DBDDE6359C1CAB76CF1E334 /* CGPoint+normalize.swift in Sources */,
			);
			runOnlyForDeploymentPostprocessing = 0;
		};
		FF656E2A223D0169004D02F5 /* Sources */ = {
			isa = PBXSourcesBuildPhase;
			buildActionMask = 2147483647;
			files = (
				FF656E33223D0169004D02F5 /* SpacePongTests.swift in Sources */,
			);
			runOnlyForDeploymentPostprocessing = 0;
		};
/* End PBXSourcesBuildPhase section */

/* Begin PBXTargetDependency section */
		FF656E30223D0169004D02F5 /* PBXTargetDependency */ = {
			isa = PBXTargetDependency;
			target = FF656E13223D0166004D02F5 /* SpacePong */;
			targetProxy = FF656E2F223D0169004D02F5 /* PBXContainerItemProxy */;
		};
/* End PBXTargetDependency section */

/* Begin PBXVariantGroup section */
		FF656E26223D0169004D02F5 /* LaunchScreen.storyboard */ = {
			isa = PBXVariantGroup;
			children = (
				FF656E27223D0169004D02F5 /* Base */,
			);
			name = LaunchScreen.storyboard;
			sourceTree = "<group>";
		};
/* End PBXVariantGroup section */

/* Begin XCBuildConfiguration section */
		FF656E35223D0169004D02F5 /* Debug */ = {
			isa = XCBuildConfiguration;
			buildSettings = {
				ALWAYS_SEARCH_USER_PATHS = NO;
				CLANG_ANALYZER_NONNULL = YES;
				CLANG_ANALYZER_NUMBER_OBJECT_CONVERSION = YES_AGGRESSIVE;
				CLANG_CXX_LANGUAGE_STANDARD = "gnu++14";
				CLANG_CXX_LIBRARY = "libc++";
				CLANG_ENABLE_MODULES = YES;
				CLANG_ENABLE_OBJC_ARC = YES;
				CLANG_ENABLE_OBJC_WEAK = YES;
				CLANG_WARN_BLOCK_CAPTURE_AUTORELEASING = YES;
				CLANG_WARN_BOOL_CONVERSION = YES;
				CLANG_WARN_COMMA = YES;
				CLANG_WARN_CONSTANT_CONVERSION = YES;
				CLANG_WARN_DEPRECATED_OBJC_IMPLEMENTATIONS = YES;
				CLANG_WARN_DIRECT_OBJC_ISA_USAGE = YES_ERROR;
				CLANG_WARN_DOCUMENTATION_COMMENTS = YES;
				CLANG_WARN_EMPTY_BODY = YES;
				CLANG_WARN_ENUM_CONVERSION = YES;
				CLANG_WARN_INFINITE_RECURSION = YES;
				CLANG_WARN_INT_CONVERSION = YES;
				CLANG_WARN_NON_LITERAL_NULL_CONVERSION = YES;
				CLANG_WARN_OBJC_IMPLICIT_RETAIN_SELF = YES;
				CLANG_WARN_OBJC_LITERAL_CONVERSION = YES;
				CLANG_WARN_OBJC_ROOT_CLASS = YES_ERROR;
				CLANG_WARN_RANGE_LOOP_ANALYSIS = YES;
				CLANG_WARN_STRICT_PROTOTYPES = YES;
				CLANG_WARN_SUSPICIOUS_MOVE = YES;
				CLANG_WARN_UNGUARDED_AVAILABILITY = YES_AGGRESSIVE;
				CLANG_WARN_UNREACHABLE_CODE = YES;
				CLANG_WARN__DUPLICATE_METHOD_MATCH = YES;
				CODE_SIGN_IDENTITY = "iPhone Developer";
				COPY_PHASE_STRIP = NO;
				DEBUG_INFORMATION_FORMAT = dwarf;
				ENABLE_STRICT_OBJC_MSGSEND = YES;
				ENABLE_TESTABILITY = YES;
				GCC_C_LANGUAGE_STANDARD = gnu11;
				GCC_DYNAMIC_NO_PIC = NO;
				GCC_NO_COMMON_BLOCKS = YES;
				GCC_OPTIMIZATION_LEVEL = 0;
				GCC_PREPROCESSOR_DEFINITIONS = (
					"DEBUG=1",
					"$(inherited)",
				);
				GCC_WARN_64_TO_32_BIT_CONVERSION = YES;
				GCC_WARN_ABOUT_RETURN_TYPE = YES_ERROR;
				GCC_WARN_UNDECLARED_SELECTOR = YES;
				GCC_WARN_UNINITIALIZED_AUTOS = YES_AGGRESSIVE;
				GCC_WARN_UNUSED_FUNCTION = YES;
				GCC_WARN_UNUSED_VARIABLE = YES;
				IPHONEOS_DEPLOYMENT_TARGET = 12.1;
				MTL_ENABLE_DEBUG_INFO = INCLUDE_SOURCE;
				MTL_FAST_MATH = YES;
				ONLY_ACTIVE_ARCH = YES;
				SDKROOT = iphoneos;
				SWIFT_ACTIVE_COMPILATION_CONDITIONS = DEBUG;
				SWIFT_OPTIMIZATION_LEVEL = "-Onone";
			};
			name = Debug;
		};
		FF656E36223D0169004D02F5 /* Release */ = {
			isa = XCBuildConfiguration;
			buildSettings = {
				ALWAYS_SEARCH_USER_PATHS = NO;
				CLANG_ANALYZER_NONNULL = YES;
				CLANG_ANALYZER_NUMBER_OBJECT_CONVERSION = YES_AGGRESSIVE;
				CLANG_CXX_LANGUAGE_STANDARD = "gnu++14";
				CLANG_CXX_LIBRARY = "libc++";
				CLANG_ENABLE_MODULES = YES;
				CLANG_ENABLE_OBJC_ARC = YES;
				CLANG_ENABLE_OBJC_WEAK = YES;
				CLANG_WARN_BLOCK_CAPTURE_AUTORELEASING = YES;
				CLANG_WARN_BOOL_CONVERSION = YES;
				CLANG_WARN_COMMA = YES;
				CLANG_WARN_CONSTANT_CONVERSION = YES;
				CLANG_WARN_DEPRECATED_OBJC_IMPLEMENTATIONS = YES;
				CLANG_WARN_DIRECT_OBJC_ISA_USAGE = YES_ERROR;
				CLANG_WARN_DOCUMENTATION_COMMENTS = YES;
				CLANG_WARN_EMPTY_BODY = YES;
				CLANG_WARN_ENUM_CONVERSION = YES;
				CLANG_WARN_INFINITE_RECURSION = YES;
				CLANG_WARN_INT_CONVERSION = YES;
				CLANG_WARN_NON_LITERAL_NULL_CONVERSION = YES;
				CLANG_WARN_OBJC_IMPLICIT_RETAIN_SELF = YES;
				CLANG_WARN_OBJC_LITERAL_CONVERSION = YES;
				CLANG_WARN_OBJC_ROOT_CLASS = YES_ERROR;
				CLANG_WARN_RANGE_LOOP_ANALYSIS = YES;
				CLANG_WARN_STRICT_PROTOTYPES = YES;
				CLANG_WARN_SUSPICIOUS_MOVE = YES;
				CLANG_WARN_UNGUARDED_AVAILABILITY = YES_AGGRESSIVE;
				CLANG_WARN_UNREACHABLE_CODE = YES;
				CLANG_WARN__DUPLICATE_METHOD_MATCH = YES;
				CODE_SIGN_IDENTITY = "iPhone Developer";
				COPY_PHASE_STRIP = NO;
				DEBUG_INFORMATION_FORMAT = "dwarf-with-dsym";
				ENABLE_NS_ASSERTIONS = NO;
				ENABLE_STRICT_OBJC_MSGSEND = YES;
				GCC_C_LANGUAGE_STANDARD = gnu11;
				GCC_NO_COMMON_BLOCKS = YES;
				GCC_WARN_64_TO_32_BIT_CONVERSION = YES;
				GCC_WARN_ABOUT_RETURN_TYPE = YES_ERROR;
				GCC_WARN_UNDECLARED_SELECTOR = YES;
				GCC_WARN_UNINITIALIZED_AUTOS = YES_AGGRESSIVE;
				GCC_WARN_UNUSED_FUNCTION = YES;
				GCC_WARN_UNUSED_VARIABLE = YES;
				IPHONEOS_DEPLOYMENT_TARGET = 12.1;
				MTL_ENABLE_DEBUG_INFO = NO;
				MTL_FAST_MATH = YES;
				SDKROOT = iphoneos;
				SWIFT_COMPILATION_MODE = wholemodule;
				SWIFT_OPTIMIZATION_LEVEL = "-O";
				VALIDATE_PRODUCT = YES;
			};
			name = Release;
		};
		FF656E38223D0169004D02F5 /* Debug */ = {
			isa = XCBuildConfiguration;
			buildSettings = {
				ASSETCATALOG_COMPILER_APPICON_NAME = AppIcon;
				CODE_SIGN_IDENTITY = "iPhone Developer";
				CODE_SIGN_STYLE = Automatic;
				DEVELOPMENT_TEAM = TNPSVFPM6W;
				INFOPLIST_FILE = SpacePong/Info.plist;
				LD_RUNPATH_SEARCH_PATHS = (
					"$(inherited)",
					"@executable_path/Frameworks",
				);
				PRODUCT_BUNDLE_IDENTIFIER = com.daferpi.SpacePong;
				PRODUCT_NAME = "$(TARGET_NAME)";
				PROVISIONING_PROFILE_SPECIFIER = "";
				SWIFT_VERSION = 4.2;
				TARGETED_DEVICE_FAMILY = "1,2";
			};
			name = Debug;
		};
		FF656E39223D0169004D02F5 /* Release */ = {
			isa = XCBuildConfiguration;
			buildSettings = {
				ASSETCATALOG_COMPILER_APPICON_NAME = AppIcon;
				CODE_SIGN_IDENTITY = "iPhone Developer";
				CODE_SIGN_STYLE = Automatic;
				DEVELOPMENT_TEAM = TNPSVFPM6W;
				INFOPLIST_FILE = SpacePong/Info.plist;
				LD_RUNPATH_SEARCH_PATHS = (
					"$(inherited)",
					"@executable_path/Frameworks",
				);
				PRODUCT_BUNDLE_IDENTIFIER = com.daferpi.SpacePong;
				PRODUCT_NAME = "$(TARGET_NAME)";
				PROVISIONING_PROFILE_SPECIFIER = "";
				SWIFT_VERSION = 4.2;
				TARGETED_DEVICE_FAMILY = "1,2";
			};
			name = Release;
		};
		FF656E3B223D0169004D02F5 /* Debug */ = {
			isa = XCBuildConfiguration;
			buildSettings = {
				ALWAYS_EMBED_SWIFT_STANDARD_LIBRARIES = YES;
				BUNDLE_LOADER = "$(TEST_HOST)";
				CODE_SIGN_STYLE = Automatic;
				DEVELOPMENT_TEAM = TNPSVFPM6W;
				INFOPLIST_FILE = SpacePongTests/Info.plist;
				LD_RUNPATH_SEARCH_PATHS = (
					"$(inherited)",
					"@executable_path/Frameworks",
					"@loader_path/Frameworks",
				);
				PRODUCT_BUNDLE_IDENTIFIER = com.daferpi.SpacePongTests;
				PRODUCT_NAME = "$(TARGET_NAME)";
				SWIFT_VERSION = 4.2;
				TARGETED_DEVICE_FAMILY = "1,2";
				TEST_HOST = "$(BUILT_PRODUCTS_DIR)/SpacePong.app/SpacePong";
			};
			name = Debug;
		};
		FF656E3C223D0169004D02F5 /* Release */ = {
			isa = XCBuildConfiguration;
			buildSettings = {
				ALWAYS_EMBED_SWIFT_STANDARD_LIBRARIES = YES;
				BUNDLE_LOADER = "$(TEST_HOST)";
				CODE_SIGN_STYLE = Automatic;
				DEVELOPMENT_TEAM = TNPSVFPM6W;
				INFOPLIST_FILE = SpacePongTests/Info.plist;
				LD_RUNPATH_SEARCH_PATHS = (
					"$(inherited)",
					"@executable_path/Frameworks",
					"@loader_path/Frameworks",
				);
				PRODUCT_BUNDLE_IDENTIFIER = com.daferpi.SpacePongTests;
				PRODUCT_NAME = "$(TARGET_NAME)";
				SWIFT_VERSION = 4.2;
				TARGETED_DEVICE_FAMILY = "1,2";
				TEST_HOST = "$(BUILT_PRODUCTS_DIR)/SpacePong.app/SpacePong";
			};
			name = Release;
		};
/* End XCBuildConfiguration section */

/* Begin XCConfigurationList section */
		FF656E0F223D0166004D02F5 /* Build configuration list for PBXProject "SpacePong" */ = {
			isa = XCConfigurationList;
			buildConfigurations = (
				FF656E35223D0169004D02F5 /* Debug */,
				FF656E36223D0169004D02F5 /* Release */,
			);
			defaultConfigurationIsVisible = 0;
			defaultConfigurationName = Release;
		};
		FF656E37223D0169004D02F5 /* Build configuration list for PBXNativeTarget "SpacePong" */ = {
			isa = XCConfigurationList;
			buildConfigurations = (
				FF656E38223D0169004D02F5 /* Debug */,
				FF656E39223D0169004D02F5 /* Release */,
			);
			defaultConfigurationIsVisible = 0;
			defaultConfigurationName = Release;
		};
		FF656E3A223D0169004D02F5 /* Build configuration list for PBXNativeTarget "SpacePongTests" */ = {
			isa = XCConfigurationList;
			buildConfigurations = (
				FF656E3B223D0169004D02F5 /* Debug */,
				FF656E3C223D0169004D02F5 /* Release */,
			);
			defaultConfigurationIsVisible = 0;
			defaultConfigurationName = Release;
		};
/* End XCConfigurationList section */
	};
	rootObject = FF656E0C223D0166004D02F5 /* Project object */;
}
